Microsoft Visual Studio Solution File, Format Version 12.00
# Visual Studio Version 17
VisualStudioVersion = 17.5.2.0
MinimumVisualStudioVersion = 10.0.40219.1
Project("{FAE04EC0-301F-11D3-BF4B-00C04F79EFBC}") = "HcPortal", "HcPortal.csproj", "{B16CC238-1A00-06DF-1F9A-DEF516C8CD8D}"
EndProject
Global
	GlobalSection(SolutionConfigurationPlatforms) = preSolution
		Debug|Any CPU = Debug|Any CPU
		Release|Any CPU = Release|Any CPU
	EndGlobalSection
	GlobalSection(ProjectConfigurationPlatforms) = postSolution
		{B16CC238-1A00-06DF-1F9A-DEF516C8CD8D}.Debug|Any CPU.ActiveCfg = Debug|Any CPU
		{B16CC238-1A00-06DF-1F9A-DEF516C8CD8D}.Debug|Any CPU.Build.0 = Debug|Any CPU
		{B16CC238-1A00-06DF-1F9A-DEF516C8CD8D}.Release|Any CPU.ActiveCfg = Release|Any CPU
		{B16CC238-1A00-06DF-1F9A-DEF516C8CD8D}.Release|Any CPU.Build.0 = Release|Any CPU
	EndGlobalSection
	GlobalSection(SolutionProperties) = preSolution
		HideSolutionNode = FALSE
	EndGlobalSection
	GlobalSection(ExtensibilityGlobals) = postSolution
		SolutionGuid = {D557C67D-86B7-4C1F-93FE-15DAC5E65AB0}
	EndGlobalSection
EndGlobal
